// !$*UTF8*$!
{
	archiveVersion = 1;
	classes = {
	};
	objectVersion = 50;
	objects = {

/* Begin PBXBuildFile section */
		355977392392F5100051B9BA /* AppDelegate.swift in Sources */ = {isa = PBXBuildFile; fileRef = 355977382392F5100051B9BA /* AppDelegate.swift */; };
		3559773B2392F5100051B9BA /* SceneDelegate.swift in Sources */ = {isa = PBXBuildFile; fileRef = 3559773A2392F5100051B9BA /* SceneDelegate.swift */; };
		3559773D2392F5100051B9BA /* ViewController.swift in Sources */ = {isa = PBXBuildFile; fileRef = 3559773C2392F5100051B9BA /* ViewController.swift */; };
		355977402392F5100051B9BA /* Main.storyboard in Resources */ = {isa = PBXBuildFile; fileRef = 3559773E2392F5100051B9BA /* Main.storyboard */; };
		355977422392F5110051B9BA /* Assets.xcassets in Resources */ = {isa = PBXBuildFile; fileRef = 355977412392F5110051B9BA /* Assets.xcassets */; };
		355977452392F5110051B9BA /* LaunchScreen.storyboard in Resources */ = {isa = PBXBuildFile; fileRef = 355977432392F5110051B9BA /* LaunchScreen.storyboard */; };
		35597751239320040051B9BA /* MapViewController.swift in Sources */ = {isa = PBXBuildFile; fileRef = 35597750239320040051B9BA /* MapViewController.swift */; };
/* End PBXBuildFile section */

/* Begin PBXFileReference section */
		355977352392F5100051B9BA /* BorderControl.app */ = {isa = PBXFileReference; explicitFileType = wrapper.application; includeInIndex = 0; path = BorderControl.app; sourceTree = BUILT_PRODUCTS_DIR; };
		355977382392F5100051B9BA /* AppDelegate.swift */ = {isa = PBXFileReference; lastKnownFileType = sourcecode.swift; path = AppDelegate.swift; sourceTree = "<group>"; };
		3559773A2392F5100051B9BA /* SceneDelegate.swift */ = {isa = PBXFileReference; lastKnownFileType = sourcecode.swift; path = SceneDelegate.swift; sourceTree = "<group>"; };
		3559773C2392F5100051B9BA /* ViewController.swift */ = {isa = PBXFileReference; lastKnownFileType = sourcecode.swift; path = ViewController.swift; sourceTree = "<group>"; };
		3559773F2392F5100051B9BA /* Base */ = {isa = PBXFileReference; lastKnownFileType = file.storyboard; name = Base; path = Base.lproj/Main.storyboard; sourceTree = "<group>"; };
		355977412392F5110051B9BA /* Assets.xcassets */ = {isa = PBXFileReference; lastKnownFileType = folder.assetcatalog; path = Assets.xcassets; sourceTree = "<group>"; };
		355977442392F5110051B9BA /* Base */ = {isa = PBXFileReference; lastKnownFileType = file.storyboard; name = Base; path = Base.lproj/LaunchScreen.storyboard; sourceTree = "<group>"; };
		355977462392F5110051B9BA /* Info.plist */ = {isa = PBXFileReference; lastKnownFileType = text.plist.xml; path = Info.plist; sourceTree = "<group>"; };
		35597750239320040051B9BA /* MapViewController.swift */ = {isa = PBXFileReference; lastKnownFileType = sourcecode.swift; path = MapViewController.swift; sourceTree = "<group>"; };
/* End PBXFileReference section */

/* Begin PBXFrameworksBuildPhase section */
		355977322392F5100051B9BA /* Frameworks */ = {
			isa = PBXFrameworksBuildPhase;
			buildActionMask = 2147483647;
			files = (
			);
			runOnlyForDeploymentPostprocessing = 0;
		};
/* End PBXFrameworksBuildPhase section */

/* Begin PBXGroup section */
		3559772C2392F5100051B9BA = {
			isa = PBXGroup;
			children = (
				355977372392F5100051B9BA /* BorderControl */,
				355977362392F5100051B9BA /* Products */,
			);
			sourceTree = "<group>";
		};
		355977362392F5100051B9BA /* Products */ = {
			isa = PBXGroup;
			children = (
				355977352392F5100051B9BA /* BorderControl.app */,
			);
			name = Products;
			sourceTree = "<group>";
		};
		355977372392F5100051B9BA /* BorderControl */ = {
			isa = PBXGroup;
			children = (
				3559774F23931FE10051B9BA /* ViewControllers */,
				355977382392F5100051B9BA /* AppDelegate.swift */,
				3559773A2392F5100051B9BA /* SceneDelegate.swift */,
				3559773C2392F5100051B9BA /* ViewController.swift */,
				3559773E2392F5100051B9BA /* Main.storyboard */,
				355977412392F5110051B9BA /* Assets.xcassets */,
				355977432392F5110051B9BA /* LaunchScreen.storyboard */,
				355977462392F5110051B9BA /* Info.plist */,
			);
			path = BorderControl;
			sourceTree = "<group>";
		};
		3559774F23931FE10051B9BA /* ViewControllers */ = {
			isa = PBXGroup;
			children = (
				35597750239320040051B9BA /* MapViewController.swift */,
			);
			path = ViewControllers;
			sourceTree = "<group>";
		};
/* End PBXGroup section */

/* Begin PBXNativeTarget section */
		355977342392F5100051B9BA /* BorderControl */ = {
			isa = PBXNativeTarget;
			buildConfigurationList = 355977492392F5110051B9BA /* Build configuration list for PBXNativeTarget "BorderControl" */;
			buildPhases = (
				355977312392F5100051B9BA /* Sources */,
				355977322392F5100051B9BA /* Frameworks */,
				355977332392F5100051B9BA /* Resources */,
			);
			buildRules = (
			);
			dependencies = (
			);
			name = BorderControl;
			productName = BorderControl;
			productReference = 355977352392F5100051B9BA /* BorderControl.app */;
			productType = "com.apple.product-type.application";
		};
/* End PBXNativeTarget section */

/* Begin PBXProject section */
		3559772D2392F5100051B9BA /* Project object */ = {
			isa = PBXProject;
			attributes = {
				LastSwiftUpdateCheck = 1120;
				LastUpgradeCheck = 1120;
				ORGANIZATIONNAME = ScholarSquad;
				TargetAttributes = {
					355977342392F5100051B9BA = {
						CreatedOnToolsVersion = 11.2.1;
					};
				};
			};
			buildConfigurationList = 355977302392F5100051B9BA /* Build configuration list for PBXProject "BorderControl" */;
			compatibilityVersion = "Xcode 9.3";
			developmentRegion = en;
			hasScannedForEncodings = 0;
			knownRegions = (
				en,
				Base,
			);
			mainGroup = 3559772C2392F5100051B9BA;
			productRefGroup = 355977362392F5100051B9BA /* Products */;
			projectDirPath = "";
			projectRoot = "";
			targets = (
				355977342392F5100051B9BA /* BorderControl */,
			);
		};
/* End PBXProject section */

/* Begin PBXResourcesBuildPhase section */
		355977332392F5100051B9BA /* Resources */ = {
			isa = PBXResourcesBuildPhase;
			buildActionMask = 2147483647;
			files = (
				355977452392F5110051B9BA /* LaunchScreen.storyboard in Resources */,
				355977422392F5110051B9BA /* Assets.xcassets in Resources */,
				355977402392F5100051B9BA /* Main.storyboard in Resources */,
			);
			runOnlyForDeploymentPostprocessing = 0;
		};
/* End PBXResourcesBuildPhase section */

/* Begin PBXSourcesBuildPhase section */
		355977312392F5100051B9BA /* Sources */ = {
			isa = PBXSourcesBuildPhase;
			buildActionMask = 2147483647;
			files = (
				3559773D2392F5100051B9BA /* ViewController.swift in Sources */,
				355977392392F5100051B9BA /* AppDelegate.swift in Sources */,
				3559773B2392F5100051B9BA /* SceneDelegate.swift in Sources */,
				35597751239320040051B9BA /* MapViewController.swift in Sources */,
			);
			runOnlyForDeploymentPostprocessing = 0;
		};
/* End PBXSourcesBuildPhase section */

/* Begin PBXVariantGroup section */
		3559773E2392F5100051B9BA /* Main.storyboard */ = {
			isa = PBXVariantGroup;
			children = (
				3559773F2392F5100051B9BA /* Base */,
			);
			name = Main.storyboard;
			sourceTree = "<group>";
		};
		355977432392F5110051B9BA /* LaunchScreen.storyboard */ = {
			isa = PBXVariantGroup;
			children = (
				355977442392F5110051B9BA /* Base */,
			);
			name = LaunchScreen.storyboard;
			sourceTree = "<group>";
		};
/* End PBXVariantGroup section */

/* Begin XCBuildConfiguration section */
		355977472392F5110051B9BA /* Debug */ = {
			isa = XCBuildConfiguration;
			buildSettings = {
				ALWAYS_SEARCH_USER_PATHS = NO;
				CLANG_ANALYZER_NONNULL = YES;
				CLANG_ANALYZER_NUMBER_OBJECT_CONVERSION = YES_AGGRESSIVE;
				CLANG_CXX_LANGUAGE_STANDARD = "gnu++14";
				CLANG_CXX_LIBRARY = "libc++";
				CLANG_ENABLE_MODULES = YES;
				CLANG_ENABLE_OBJC_ARC = YES;
				CLANG_ENABLE_OBJC_WEAK = YES;
				CLANG_WARN_BLOCK_CAPTURE_AUTORELEASING = YES;
				CLANG_WARN_BOOL_CONVERSION = YES;
				CLANG_WARN_COMMA = YES;
				CLANG_WARN_CONSTANT_CONVERSION = YES;
				CLANG_WARN_DEPRECATED_OBJC_IMPLEMENTATIONS = YES;
				CLANG_WARN_DIRECT_OBJC_ISA_USAGE = YES_ERROR;
				CLANG_WARN_DOCUMENTATION_COMMENTS = YES;
				CLANG_WARN_EMPTY_BODY = YES;
				CLANG_WARN_ENUM_CONVERSION = YES;
				CLANG_WARN_INFINITE_RECURSION = YES;
				CLANG_WARN_INT_CONVERSION = YES;
				CLANG_WARN_NON_LITERAL_NULL_CONVERSION = YES;
				CLANG_WARN_OBJC_IMPLICIT_RETAIN_SELF = YES;
				CLANG_WARN_OBJC_LITERAL_CONVERSION = YES;
				CLANG_WARN_OBJC_ROOT_CLASS = YES_ERROR;
				CLANG_WARN_RANGE_LOOP_ANALYSIS = YES;
				CLANG_WARN_STRICT_PROTOTYPES = YES;
				CLANG_WARN_SUSPICIOUS_MOVE = YES;
				CLANG_WARN_UNGUARDED_AVAILABILITY = YES_AGGRESSIVE;
				CLANG_WARN_UNREACHABLE_CODE = YES;
				CLANG_WARN__DUPLICATE_METHOD_MATCH = YES;
				COPY_PHASE_STRIP = NO;
				DEBUG_INFORMATION_FORMAT = dwarf;
				ENABLE_STRICT_OBJC_MSGSEND = YES;
				ENABLE_TESTABILITY = YES;
				GCC_C_LANGUAGE_STANDARD = gnu11;
				GCC_DYNAMIC_NO_PIC = NO;
				GCC_NO_COMMON_BLOCKS = YES;
				GCC_OPTIMIZATION_LEVEL = 0;
				GCC_PREPROCESSOR_DEFINITIONS = (
					"DEBUG=1",
					"$(inherited)",
				);
				GCC_WARN_64_TO_32_BIT_CONVERSION = YES;
				GCC_WARN_ABOUT_RETURN_TYPE = YES_ERROR;
				GCC_WARN_UNDECLARED_SELECTOR = YES;
				GCC_WARN_UNINITIALIZED_AUTOS = YES_AGGRESSIVE;
				GCC_WARN_UNUSED_FUNCTION = YES;
				GCC_WARN_UNUSED_VARIABLE = YES;
				IPHONEOS_DEPLOYMENT_TARGET = 13.2;
				MTL_ENABLE_DEBUG_INFO = INCLUDE_SOURCE;
				MTL_FAST_MATH = YES;
				ONLY_ACTIVE_ARCH = YES;
				SDKROOT = iphoneos;
				SWIFT_ACTIVE_COMPILATION_CONDITIONS = DEBUG;
				SWIFT_OPTIMIZATION_LEVEL = "-Onone";
			};
			name = Debug;
		};
		355977482392F5110051B9BA /* Release */ = {
			isa = XCBuildConfiguration;
			buildSettings = {
				ALWAYS_SEARCH_USER_PATHS = NO;
				CLANG_ANALYZER_NONNULL = YES;
				CLANG_ANALYZER_NUMBER_OBJECT_CONVERSION = YES_AGGRESSIVE;
				CLANG_CXX_LANGUAGE_STANDARD = "gnu++14";
				CLANG_CXX_LIBRARY = "libc++";
				CLANG_ENABLE_MODULES = YES;
				CLANG_ENABLE_OBJC_ARC = YES;
				CLANG_ENABLE_OBJC_WEAK = YES;
				CLANG_WARN_BLOCK_CAPTURE_AUTORELEASING = YES;
				CLANG_WARN_BOOL_CONVERSION = YES;
				CLANG_WARN_COMMA = YES;
				CLANG_WARN_CONSTANT_CONVERSION = YES;
				CLANG_WARN_DEPRECATED_OBJC_IMPLEMENTATIONS = YES;
				CLANG_WARN_DIRECT_OBJC_ISA_USAGE = YES_ERROR;
				CLANG_WARN_DOCUMENTATION_COMMENTS = YES;
				CLANG_WARN_EMPTY_BODY = YES;
				CLANG_WARN_ENUM_CONVERSION = YES;
				CLANG_WARN_INFINITE_RECURSION = YES;
				CLANG_WARN_INT_CONVERSION = YES;
				CLANG_WARN_NON_LITERAL_NULL_CONVERSION = YES;
				CLANG_WARN_OBJC_IMPLICIT_RETAIN_SELF = YES;
				CLANG_WARN_OBJC_LITERAL_CONVERSION = YES;
				CLANG_WARN_OBJC_ROOT_CLASS = YES_ERROR;
				CLANG_WARN_RANGE_LOOP_ANALYSIS = YES;
				CLANG_WARN_STRICT_PROTOTYPES = YES;
				CLANG_WARN_SUSPICIOUS_MOVE = YES;
				CLANG_WARN_UNGUARDED_AVAILABILITY = YES_AGGRESSIVE;
				CLANG_WARN_UNREACHABLE_CODE = YES;
				CLANG_WARN__DUPLICATE_METHOD_MATCH = YES;
				COPY_PHASE_STRIP = NO;
				DEBUG_INFORMATION_FORMAT = "dwarf-with-dsym";
				ENABLE_NS_ASSERTIONS = NO;
				ENABLE_STRICT_OBJC_MSGSEND = YES;
				GCC_C_LANGUAGE_STANDARD = gnu11;
				GCC_NO_COMMON_BLOCKS = YES;
				GCC_WARN_64_TO_32_BIT_CONVERSION = YES;
				GCC_WARN_ABOUT_RETURN_TYPE = YES_ERROR;
				GCC_WARN_UNDECLARED_SELECTOR = YES;
				GCC_WARN_UNINITIALIZED_AUTOS = YES_AGGRESSIVE;
				GCC_WARN_UNUSED_FUNCTION = YES;
				GCC_WARN_UNUSED_VARIABLE = YES;
				IPHONEOS_DEPLOYMENT_TARGET = 13.2;
				MTL_ENABLE_DEBUG_INFO = NO;
				MTL_FAST_MATH = YES;
				SDKROOT = iphoneos;
				SWIFT_COMPILATION_MODE = wholemodule;
				SWIFT_OPTIMIZATION_LEVEL = "-O";
				VALIDATE_PRODUCT = YES;
			};
			name = Release;
		};
		3559774A2392F5110051B9BA /* Debug */ = {
			isa = XCBuildConfiguration;
			buildSettings = {
				ASSETCATALOG_COMPILER_APPICON_NAME = AppIcon;
				CODE_SIGN_STYLE = Automatic;
				DEVELOPMENT_TEAM = L79JFZYBR6;
				INFOPLIST_FILE = BorderControl/Info.plist;
				IPHONEOS_DEPLOYMENT_TARGET = 13.0;
				LD_RUNPATH_SEARCH_PATHS = (
					"$(inherited)",
					"@executable_path/Frameworks",
				);
				PRODUCT_BUNDLE_IDENTIFIER = ScholarSquad.BorderControl;
				PRODUCT_NAME = "$(TARGET_NAME)";
				SWIFT_VERSION = 5.0;
				TARGETED_DEVICE_FAMILY = "1,2";
			};
			name = Debug;
		};
		3559774B2392F5110051B9BA /* Release */ = {
			isa = XCBuildConfiguration;
			buildSettings = {
				ASSETCATALOG_COMPILER_APPICON_NAME = AppIcon;
				CODE_SIGN_STYLE = Automatic;
				DEVELOPMENT_TEAM = L79JFZYBR6;
				INFOPLIST_FILE = BorderControl/Info.plist;
				IPHONEOS_DEPLOYMENT_TARGET = 13.0;
				LD_RUNPATH_SEARCH_PATHS = (
					"$(inherited)",
					"@executable_path/Frameworks",
				);
				PRODUCT_BUNDLE_IDENTIFIER = ScholarSquad.BorderControl;
				PRODUCT_NAME = "$(TARGET_NAME)";
				SWIFT_VERSION = 5.0;
				TARGETED_DEVICE_FAMILY = "1,2";
			};
			name = Release;
		};
/* End XCBuildConfiguration section */

/* Begin XCConfigurationList section */
		355977302392F5100051B9BA /* Build configuration list for PBXProject "BorderControl" */ = {
			isa = XCConfigurationList;
			buildConfigurations = (
				355977472392F5110051B9BA /* Debug */,
				355977482392F5110051B9BA /* Release */,
			);
			defaultConfigurationIsVisible = 0;
			defaultConfigurationName = Release;
		};
		355977492392F5110051B9BA /* Build configuration list for PBXNativeTarget "BorderControl" */ = {
			isa = XCConfigurationList;
			buildConfigurations = (
				3559774A2392F5110051B9BA /* Debug */,
				3559774B2392F5110051B9BA /* Release */,
			);
			defaultConfigurationIsVisible = 0;
			defaultConfigurationName = Release;
		};
/* End XCConfigurationList section */
	};
	rootObject = 3559772D2392F5100051B9BA /* Project object */;
}
